
Microsoft Visual Studio Solution File, Format Version 12.00
# Visual Studio Version 17
VisualStudioVersion = 17.7.34031.279
MinimumVisualStudioVersion = 10.0.40219.1
Project("{FAE04EC0-301F-11D3-BF4B-00C04F79EFBC}") = "Scoreboard", "Scoreboard\Scoreboard.csproj", "{EAD00173-6B08-4F80-8B0E-290F1BCE372B}"
EndProject
Project("{FAE04EC0-301F-11D3-BF4B-00C04F79EFBC}") = "Scoreboard.Tests", "Scoreboard.Tests\Scoreboard.Tests.csproj", "{376ABF1B-0853-46E9-BE03-354CEB742F2E}"
EndProject
Global
	GlobalSection(SolutionConfigurationPlatforms) = preSolution
		Debug|Any CPU = Debug|Any CPU
		Release|Any CPU = Release|Any CPU
	EndGlobalSection
	GlobalSection(ProjectConfigurationPlatforms) = postSolution
		{EAD00173-6B08-4F80-8B0E-290F1BCE372B}.Debug|Any CPU.ActiveCfg = Debug|Any CPU
		{EAD00173-6B08-4F80-8B0E-290F1BCE372B}.Debug|Any CPU.Build.0 = Debug|Any CPU
		{EAD00173-6B08-4F80-8B0E-290F1BCE372B}.Release|Any CPU.ActiveCfg = Release|Any CPU
		{EAD00173-6B08-4F80-8B0E-290F1BCE372B}.Release|Any CPU.Build.0 = Release|Any CPU
		{376ABF1B-0853-46E9-BE03-354CEB742F2E}.Debug|Any CPU.ActiveCfg = Debug|Any CPU
		{376ABF1B-0853-46E9-BE03-354CEB742F2E}.Debug|Any CPU.Build.0 = Debug|Any CPU
		{376ABF1B-0853-46E9-BE03-354CEB742F2E}.Release|Any CPU.ActiveCfg = Release|Any CPU
		{376ABF1B-0853-46E9-BE03-354CEB742F2E}.Release|Any CPU.Build.0 = Release|Any CPU
	EndGlobalSection
	GlobalSection(SolutionProperties) = preSolution
		HideSolutionNode = FALSE
	EndGlobalSection
	GlobalSection(ExtensibilityGlobals) = postSolution
		SolutionGuid = {2E5FAC75-27AE-4018-977E-4F755A4916DD}
	EndGlobalSection
EndGlobal
